// !$*UTF8*$!
{
	archiveVersion = 1;
	classes = {
	};
	objectVersion = 46;
	objects = {

/* Begin PBXBuildFile section */
		38A08CF415388B4F4F62F90E /* Pods_DemoModernSearchBar.framework in Frameworks */ = {isa = PBXBuildFile; fileRef = 7AC57A3E45BCAD5CEC431093 /* Pods_DemoModernSearchBar.framework */; };
		BD2F754F1ECC29F7003606FE /* AppDelegate.swift in Sources */ = {isa = PBXBuildFile; fileRef = BD2F754E1ECC29F7003606FE /* AppDelegate.swift */; };
		BD2F75511ECC29FA003606FE /* ViewController.swift in Sources */ = {isa = PBXBuildFile; fileRef = BD2F75501ECC29FA003606FE /* ViewController.swift */; };
		BD2F75541ECC29FF003606FE /* Main.storyboard in Resources */ = {isa = PBXBuildFile; fileRef = BD2F75521ECC29FF003606FE /* Main.storyboard */; };
		BD2F75561ECC2A00003606FE /* Assets.xcassets in Resources */ = {isa = PBXBuildFile; fileRef = BD2F75551ECC2A00003606FE /* Assets.xcassets */; };
		BD2F75591ECC2A00003606FE /* LaunchScreen.storyboard in Resources */ = {isa = PBXBuildFile; fileRef = BD2F75571ECC2A00003606FE /* LaunchScreen.storyboard */; };
/* End PBXBuildFile section */

/* Begin PBXFileReference section */
		415EAB2A3112E933834BE2A1 /* Pods-DemoModernSearchBar.release.xcconfig */ = {isa = PBXFileReference; includeInIndex = 1; lastKnownFileType = text.xcconfig; name = "Pods-DemoModernSearchBar.release.xcconfig"; path = "Pods/Target Support Files/Pods-DemoModernSearchBar/Pods-DemoModernSearchBar.release.xcconfig"; sourceTree = "<group>"; };
		7AC57A3E45BCAD5CEC431093 /* Pods_DemoModernSearchBar.framework */ = {isa = PBXFileReference; explicitFileType = wrapper.framework; includeInIndex = 0; path = Pods_DemoModernSearchBar.framework; sourceTree = BUILT_PRODUCTS_DIR; };
		BD2F754B1ECC29F7003606FE /* DemoModernSearchBar.app */ = {isa = PBXFileReference; explicitFileType = wrapper.application; includeInIndex = 0; path = DemoModernSearchBar.app; sourceTree = BUILT_PRODUCTS_DIR; };
		BD2F754E1ECC29F7003606FE /* AppDelegate.swift */ = {isa = PBXFileReference; lastKnownFileType = sourcecode.swift; path = AppDelegate.swift; sourceTree = "<group>"; };
		BD2F75501ECC29FA003606FE /* ViewController.swift */ = {isa = PBXFileReference; lastKnownFileType = sourcecode.swift; path = ViewController.swift; sourceTree = "<group>"; };
		BD2F75531ECC29FF003606FE /* Base */ = {isa = PBXFileReference; lastKnownFileType = file.storyboard; name = Base; path = Base.lproj/Main.storyboard; sourceTree = "<group>"; };
		BD2F75551ECC2A00003606FE /* Assets.xcassets */ = {isa = PBXFileReference; lastKnownFileType = folder.assetcatalog; path = Assets.xcassets; sourceTree = "<group>"; };
		BD2F75581ECC2A00003606FE /* Base */ = {isa = PBXFileReference; lastKnownFileType = file.storyboard; name = Base; path = Base.lproj/LaunchScreen.storyboard; sourceTree = "<group>"; };
		BD2F755A1ECC2A00003606FE /* Info.plist */ = {isa = PBXFileReference; lastKnownFileType = text.plist.xml; path = Info.plist; sourceTree = "<group>"; };
		D26140C571D36826885FD545 /* Pods-DemoModernSearchBar.debug.xcconfig */ = {isa = PBXFileReference; includeInIndex = 1; lastKnownFileType = text.xcconfig; name = "Pods-DemoModernSearchBar.debug.xcconfig"; path = "Pods/Target Support Files/Pods-DemoModernSearchBar/Pods-DemoModernSearchBar.debug.xcconfig"; sourceTree = "<group>"; };
/* End PBXFileReference section */

/* Begin PBXFrameworksBuildPhase section */
		BD2F75481ECC29F1003606FE /* Frameworks */ = {
			isa = PBXFrameworksBuildPhase;
			buildActionMask = 2147483647;
			files = (
				38A08CF415388B4F4F62F90E /* Pods_DemoModernSearchBar.framework in Frameworks */,
			);
			runOnlyForDeploymentPostprocessing = 0;
		};
/* End PBXFrameworksBuildPhase section */

/* Begin PBXGroup section */
		1738BF7BD3A849EC557608D6 /* Pods */ = {
			isa = PBXGroup;
			children = (
				D26140C571D36826885FD545 /* Pods-DemoModernSearchBar.debug.xcconfig */,
				415EAB2A3112E933834BE2A1 /* Pods-DemoModernSearchBar.release.xcconfig */,
			);
			name = Pods;
			sourceTree = "<group>";
		};
		BD2F75421ECC29ED003606FE = {
			isa = PBXGroup;
			children = (
				BD2F754D1ECC29F7003606FE /* DemoModernSearchBar */,
				BD2F754C1ECC29F7003606FE /* Products */,
				1738BF7BD3A849EC557608D6 /* Pods */,
				E174B3A02E3BD376DD443187 /* Frameworks */,
			);
			sourceTree = "<group>";
		};
		BD2F754C1ECC29F7003606FE /* Products */ = {
			isa = PBXGroup;
			children = (
				BD2F754B1ECC29F7003606FE /* DemoModernSearchBar.app */,
			);
			name = Products;
			sourceTree = "<group>";
		};
		BD2F754D1ECC29F7003606FE /* DemoModernSearchBar */ = {
			isa = PBXGroup;
			children = (
				BD2F754E1ECC29F7003606FE /* AppDelegate.swift */,
				BD2F75501ECC29FA003606FE /* ViewController.swift */,
				BD2F75521ECC29FF003606FE /* Main.storyboard */,
				BD2F75551ECC2A00003606FE /* Assets.xcassets */,
				BD2F75571ECC2A00003606FE /* LaunchScreen.storyboard */,
				BD2F755A1ECC2A00003606FE /* Info.plist */,
			);
			path = DemoModernSearchBar;
			sourceTree = "<group>";
		};
		E174B3A02E3BD376DD443187 /* Frameworks */ = {
			isa = PBXGroup;
			children = (
				7AC57A3E45BCAD5CEC431093 /* Pods_DemoModernSearchBar.framework */,
			);
			name = Frameworks;
			sourceTree = "<group>";
		};
/* End PBXGroup section */

/* Begin PBXNativeTarget section */
		BD2F754A1ECC29F1003606FE /* DemoModernSearchBar */ = {
			isa = PBXNativeTarget;
			buildConfigurationList = BD2F755D1ECC2A00003606FE /* Build configuration list for PBXNativeTarget "DemoModernSearchBar" */;
			buildPhases = (
				54E8B109AA027883BB1CC7AF /* [CP] Check Pods Manifest.lock */,
				BD2F75471ECC29F1003606FE /* Sources */,
				BD2F75481ECC29F1003606FE /* Frameworks */,
				BD2F75491ECC29F1003606FE /* Resources */,
				2C96FBAF1A691FC648D30533 /* [CP] Embed Pods Frameworks */,
				83DC7080572D3821BCD2C33E /* [CP] Copy Pods Resources */,
			);
			buildRules = (
			);
			dependencies = (
			);
			name = DemoModernSearchBar;
			productName = DemoModernSearchBar;
			productReference = BD2F754B1ECC29F7003606FE /* DemoModernSearchBar.app */;
			productType = "com.apple.product-type.application";
		};
/* End PBXNativeTarget section */

/* Begin PBXProject section */
		BD2F75431ECC29EF003606FE /* Project object */ = {
			isa = PBXProject;
			attributes = {
				LastSwiftUpdateCheck = 0820;
				LastUpgradeCheck = 0820;
				ORGANIZATIONNAME = "Easy Pay";
				TargetAttributes = {
					BD2F754A1ECC29F1003606FE = {
						CreatedOnToolsVersion = 8.2.1;
						DevelopmentTeam = 8N9YWC6Z6P;
						ProvisioningStyle = Manual;
					};
				};
			};
			buildConfigurationList = BD2F75461ECC29EF003606FE /* Build configuration list for PBXProject "DemoModernSearchBar" */;
			compatibilityVersion = "Xcode 3.2";
			developmentRegion = English;
			hasScannedForEncodings = 0;
			knownRegions = (
				en,
				Base,
			);
			mainGroup = BD2F75421ECC29ED003606FE;
			productRefGroup = BD2F754C1ECC29F7003606FE /* Products */;
			projectDirPath = "";
			projectRoot = "";
			targets = (
				BD2F754A1ECC29F1003606FE /* DemoModernSearchBar */,
			);
		};
/* End PBXProject section */

/* Begin PBXResourcesBuildPhase section */
		BD2F75491ECC29F1003606FE /* Resources */ = {
			isa = PBXResourcesBuildPhase;
			buildActionMask = 2147483647;
			files = (
				BD2F75591ECC2A00003606FE /* LaunchScreen.storyboard in Resources */,
				BD2F75561ECC2A00003606FE /* Assets.xcassets in Resources */,
				BD2F75541ECC29FF003606FE /* Main.storyboard in Resources */,
			);
			runOnlyForDeploymentPostprocessing = 0;
		};
/* End PBXResourcesBuildPhase section */

/* Begin PBXShellScriptBuildPhase section */
		2C96FBAF1A691FC648D30533 /* [CP] Embed Pods Frameworks */ = {
			isa = PBXShellScriptBuildPhase;
			buildActionMask = 2147483647;
			files = (
			);
			inputPaths = (
			);
			name = "[CP] Embed Pods Frameworks";
			outputPaths = (
			);
			runOnlyForDeploymentPostprocessing = 0;
			shellPath = /bin/sh;
			shellScript = "\"${SRCROOT}/Pods/Target Support Files/Pods-DemoModernSearchBar/Pods-DemoModernSearchBar-frameworks.sh\"\n";
			showEnvVarsInLog = 0;
		};
		54E8B109AA027883BB1CC7AF /* [CP] Check Pods Manifest.lock */ = {
			isa = PBXShellScriptBuildPhase;
			buildActionMask = 2147483647;
			files = (
			);
			inputPaths = (
			);
			name = "[CP] Check Pods Manifest.lock";
			outputPaths = (
			);
			runOnlyForDeploymentPostprocessing = 0;
			shellPath = /bin/sh;
			shellScript = "diff \"${PODS_PODFILE_DIR_PATH}/Podfile.lock\" \"${PODS_ROOT}/Manifest.lock\" > /dev/null\nif [ $? != 0 ] ; then\n    # print error to STDERR\n    echo \"error: The sandbox is not in sync with the Podfile.lock. Run 'pod install' or update your CocoaPods installation.\" >&2\n    exit 1\nfi\n";
			showEnvVarsInLog = 0;
		};
		83DC7080572D3821BCD2C33E /* [CP] Copy Pods Resources */ = {
			isa = PBXShellScriptBuildPhase;
			buildActionMask = 2147483647;
			files = (
			);
			inputPaths = (
			);
			name = "[CP] Copy Pods Resources";
			outputPaths = (
			);
			runOnlyForDeploymentPostprocessing = 0;
			shellPath = /bin/sh;
			shellScript = "\"${SRCROOT}/Pods/Target Support Files/Pods-DemoModernSearchBar/Pods-DemoModernSearchBar-resources.sh\"\n";
			showEnvVarsInLog = 0;
		};
/* End PBXShellScriptBuildPhase section */

/* Begin PBXSourcesBuildPhase section */
		BD2F75471ECC29F1003606FE /* Sources */ = {
			isa = PBXSourcesBuildPhase;
			buildActionMask = 2147483647;
			files = (
				BD2F75511ECC29FA003606FE /* ViewController.swift in Sources */,
				BD2F754F1ECC29F7003606FE /* AppDelegate.swift in Sources */,
			);
			runOnlyForDeploymentPostprocessing = 0;
		};
/* End PBXSourcesBuildPhase section */

/* Begin PBXVariantGroup section */
		BD2F75521ECC29FF003606FE /* Main.storyboard */ = {
			isa = PBXVariantGroup;
			children = (
				BD2F75531ECC29FF003606FE /* Base */,
			);
			name = Main.storyboard;
			sourceTree = "<group>";
		};
		BD2F75571ECC2A00003606FE /* LaunchScreen.storyboard */ = {
			isa = PBXVariantGroup;
			children = (
				BD2F75581ECC2A00003606FE /* Base */,
			);
			name = LaunchScreen.storyboard;
			sourceTree = "<group>";
		};
/* End PBXVariantGroup section */

/* Begin XCBuildConfiguration section */
		BD2F755B1ECC2A00003606FE /* Debug */ = {
			isa = XCBuildConfiguration;
			buildSettings = {
				ALWAYS_SEARCH_USER_PATHS = NO;
				CLANG_ANALYZER_NONNULL = YES;
				CLANG_CXX_LANGUAGE_STANDARD = "gnu++0x";
				CLANG_CXX_LIBRARY = "libc++";
				CLANG_ENABLE_MODULES = YES;
				CLANG_ENABLE_OBJC_ARC = YES;
				CLANG_WARN_BOOL_CONVERSION = YES;
				CLANG_WARN_CONSTANT_CONVERSION = YES;
				CLANG_WARN_DIRECT_OBJC_ISA_USAGE = YES_ERROR;
				CLANG_WARN_DOCUMENTATION_COMMENTS = YES;
				CLANG_WARN_EMPTY_BODY = YES;
				CLANG_WARN_ENUM_CONVERSION = YES;
				CLANG_WARN_INFINITE_RECURSION = YES;
				CLANG_WARN_INT_CONVERSION = YES;
				CLANG_WARN_OBJC_ROOT_CLASS = YES_ERROR;
				CLANG_WARN_SUSPICIOUS_MOVE = YES;
				CLANG_WARN_UNREACHABLE_CODE = YES;
				CLANG_WARN__DUPLICATE_METHOD_MATCH = YES;
				"CODE_SIGN_IDENTITY[sdk=iphoneos*]" = "iPhone Developer";
				COPY_PHASE_STRIP = NO;
				DEBUG_INFORMATION_FORMAT = dwarf;
				ENABLE_STRICT_OBJC_MSGSEND = YES;
				ENABLE_TESTABILITY = YES;
				GCC_C_LANGUAGE_STANDARD = gnu99;
				GCC_DYNAMIC_NO_PIC = NO;
				GCC_NO_COMMON_BLOCKS = YES;
				GCC_OPTIMIZATION_LEVEL = 0;
				GCC_PREPROCESSOR_DEFINITIONS = (
					"DEBUG=1",
					"$(inherited)",
				);
				GCC_WARN_64_TO_32_BIT_CONVERSION = YES;
				GCC_WARN_ABOUT_RETURN_TYPE = YES_ERROR;
				GCC_WARN_UNDECLARED_SELECTOR = YES;
				GCC_WARN_UNINITIALIZED_AUTOS = YES_AGGRESSIVE;
				GCC_WARN_UNUSED_FUNCTION = YES;
				GCC_WARN_UNUSED_VARIABLE = YES;
				IPHONEOS_DEPLOYMENT_TARGET = 8.0;
				MTL_ENABLE_DEBUG_INFO = YES;
				ONLY_ACTIVE_ARCH = YES;
				SDKROOT = iphoneos;
				SWIFT_ACTIVE_COMPILATION_CONDITIONS = DEBUG;
				SWIFT_OPTIMIZATION_LEVEL = "-Onone";
				TARGETED_DEVICE_FAMILY = "1,2";
			};
			name = Debug;
		};
		BD2F755C1ECC2A00003606FE /* Release */ = {
			isa = XCBuildConfiguration;
			buildSettings = {
				ALWAYS_SEARCH_USER_PATHS = NO;
				CLANG_ANALYZER_NONNULL = YES;
				CLANG_CXX_LANGUAGE_STANDARD = "gnu++0x";
				CLANG_CXX_LIBRARY = "libc++";
				CLANG_ENABLE_MODULES = YES;
				CLANG_ENABLE_OBJC_ARC = YES;
				CLANG_WARN_BOOL_CONVERSION = YES;
				CLANG_WARN_CONSTANT_CONVERSION = YES;
				CLANG_WARN_DIRECT_OBJC_ISA_USAGE = YES_ERROR;
				CLANG_WARN_DOCUMENTATION_COMMENTS = YES;
				CLANG_WARN_EMPTY_BODY = YES;
				CLANG_WARN_ENUM_CONVERSION = YES;
				CLANG_WARN_INFINITE_RECURSION = YES;
				CLANG_WARN_INT_CONVERSION = YES;
				CLANG_WARN_OBJC_ROOT_CLASS = YES_ERROR;
				CLANG_WARN_SUSPICIOUS_MOVE = YES;
				CLANG_WARN_UNREACHABLE_CODE = YES;
				CLANG_WARN__DUPLICATE_METHOD_MATCH = YES;
				"CODE_SIGN_IDENTITY[sdk=iphoneos*]" = "iPhone Developer";
				COPY_PHASE_STRIP = NO;
				DEBUG_INFORMATION_FORMAT = "dwarf-with-dsym";
				ENABLE_NS_ASSERTIONS = NO;
				ENABLE_STRICT_OBJC_MSGSEND = YES;
				GCC_C_LANGUAGE_STANDARD = gnu99;
				GCC_NO_COMMON_BLOCKS = YES;
				GCC_WARN_64_TO_32_BIT_CONVERSION = YES;
				GCC_WARN_ABOUT_RETURN_TYPE = YES_ERROR;
				GCC_WARN_UNDECLARED_SELECTOR = YES;
				GCC_WARN_UNINITIALIZED_AUTOS = YES_AGGRESSIVE;
				GCC_WARN_UNUSED_FUNCTION = YES;
				GCC_WARN_UNUSED_VARIABLE = YES;
				IPHONEOS_DEPLOYMENT_TARGET = 8.0;
				MTL_ENABLE_DEBUG_INFO = NO;
				SDKROOT = iphoneos;
				SWIFT_OPTIMIZATION_LEVEL = "-Owholemodule";
				TARGETED_DEVICE_FAMILY = "1,2";
				VALIDATE_PRODUCT = YES;
			};
			name = Release;
		};
		BD2F755E1ECC2A00003606FE /* Debug */ = {
			isa = XCBuildConfiguration;
			baseConfigurationReference = D26140C571D36826885FD545 /* Pods-DemoModernSearchBar.debug.xcconfig */;
			buildSettings = {
				ASSETCATALOG_COMPILER_APPICON_NAME = AppIcon;
				DEVELOPMENT_TEAM = 8N9YWC6Z6P;
				INFOPLIST_FILE = DemoModernSearchBar/Info.plist;
				IPHONEOS_DEPLOYMENT_TARGET = 8.0;
				LD_RUNPATH_SEARCH_PATHS = "$(inherited) @executable_path/Frameworks";
				PRODUCT_BUNDLE_IDENTIFIER = com.easypay.DemoModernSearchBar;
				PRODUCT_NAME = "$(TARGET_NAME)";
				PROVISIONING_PROFILE = "0b85418b-46fc-40b6-8029-82dd77947e41";
				PROVISIONING_PROFILE_SPECIFIER = EPWildcardDevelopmentProfile;
				SWIFT_VERSION = 3.0;
			};
			name = Debug;
		};
		BD2F755F1ECC2A00003606FE /* Release */ = {
			isa = XCBuildConfiguration;
			baseConfigurationReference = 415EAB2A3112E933834BE2A1 /* Pods-DemoModernSearchBar.release.xcconfig */;
			buildSettings = {
				ASSETCATALOG_COMPILER_APPICON_NAME = AppIcon;
				DEVELOPMENT_TEAM = 8N9YWC6Z6P;
				INFOPLIST_FILE = DemoModernSearchBar/Info.plist;
				IPHONEOS_DEPLOYMENT_TARGET = 8.0;
				LD_RUNPATH_SEARCH_PATHS = "$(inherited) @executable_path/Frameworks";
				PRODUCT_BUNDLE_IDENTIFIER = com.easypay.DemoModernSearchBar;
				PRODUCT_NAME = "$(TARGET_NAME)";
				PROVISIONING_PROFILE = "0b85418b-46fc-40b6-8029-82dd77947e41";
				PROVISIONING_PROFILE_SPECIFIER = EPWildcardDevelopmentProfile;
				SWIFT_VERSION = 3.0;
			};
			name = Release;
		};
/* End XCBuildConfiguration section */

/* Begin XCConfigurationList section */
		BD2F75461ECC29EF003606FE /* Build configuration list for PBXProject "DemoModernSearchBar" */ = {
			isa = XCConfigurationList;
			buildConfigurations = (
				BD2F755B1ECC2A00003606FE /* Debug */,
				BD2F755C1ECC2A00003606FE /* Release */,
			);
			defaultConfigurationIsVisible = 0;
			defaultConfigurationName = Release;
		};
		BD2F755D1ECC2A00003606FE /* Build configuration list for PBXNativeTarget "DemoModernSearchBar" */ = {
			isa = XCConfigurationList;
			buildConfigurations = (
				BD2F755E1ECC2A00003606FE /* Debug */,
				BD2F755F1ECC2A00003606FE /* Release */,
			);
			defaultConfigurationIsVisible = 0;
		};
/* End XCConfigurationList section */
	};
	rootObject = BD2F75431ECC29EF003606FE /* Project object */;
}
